# @generated - this file is auto-generated by `mise lock` https://mise.jdx.dev/dev-tools/mise-lock.html

lockfile_version = 2

[[tools.elixir]]
version = "1.20.0-rc.3-otp-28"
backend = "core:elixir"
specifiers = ["1.20.0-rc.3-otp-28"]

[tools.elixir."platforms.linux-x64"]
checksum = "sha256:f35151ab006cdafc2e812abcd7f5f2b266bbef7be3a8613db816e0bf1b224bcf"
url = "https://builds.hex.pm/builds/elixir/v1.20.0-rc.3-otp-28.zip"

[[tools.erlang]]
version = "28.4"
backend = "core:erlang"
specifiers = ["28.4"]

[tools.erlang."platforms.linux-x64"]
checksum = "sha256:5b39ceb3e36de8901dde61e88869e47be1b81bd56928da3986c196d696e1311d"
url = "https://github.com/erlang/otp/releases/download/OTP-28.4/otp_src_28.4.tar.gz"
url_api = "https://api.github.com/repos/erlang/otp/releases/assets/366727888"
install = "source"

[[tools.go]]
version = "1.23.12"
backend = "core:go"
specifiers = ["1.23"]

[tools.go."platforms.linux-x64"]
checksum = "sha256:d3847fef834e9db11bf64e3fb34db9c04db14e068eeb064f49af747010454f90"
url = "https://dl.google.com/go/go1.23.12.linux-amd64.tar.gz"

[[tools.just]]
version = "1.51.0"
backend = "aqua:casey/just"
specifiers = ["1.51.0"]

[tools.just."platforms.linux-x64"]
checksum = "sha256:c8f085ca3e885723c341d06243fc291b5abfdc8bbe3b2c076b117de490387b59"
url = "https://github.com/casey/just/releases/download/1.51.0/just-1.51.0-x86_64-unknown-linux-musl.tar.gz"
url_api = "https://api.github.com/repos/casey/just/releases/assets/416466152"
